
Microsoft Visual Studio Solution File, Format Version 12.00
# Visual Studio 15
VisualStudioVersion = 15.0.26124.0
MinimumVisualStudioVersion = 15.0.26124.0
Project("{2150E333-8FDC-42A3-9474-1A3956D46DE8}") = "src", "src", "{EBB5F837-2BC4-4969-82FD-BD8B78A69850}"
EndProject
Project("{FAE04EC0-301F-11D3-BF4B-00C04F79EFBC}") = "GREsau.AspNetCore", "src\GREsau.AspNetCore\GREsau.AspNetCore.csproj", "{F008CC0B-8775-4168-85C4-B93831FD1463}"
EndProject
Project("{2150E333-8FDC-42A3-9474-1A3956D46DE8}") = "test", "test", "{9770AF19-2832-4408-8218-4F24C089B193}"
EndProject
Project("{FAE04EC0-301F-11D3-BF4B-00C04F79EFBC}") = "GREsau.AspNetCore.Test", "test\GREsau.AspNetCore.Test\GREsau.AspNetCore.Test.csproj", "{5851E7DE-0378-42DD-8A5A-E52068163A3E}"
EndProject
Global
	GlobalSection(SolutionConfigurationPlatforms) = preSolution
		Debug|Any CPU = Debug|Any CPU
		Debug|x64 = Debug|x64
		Debug|x86 = Debug|x86
		Release|Any CPU = Release|Any CPU
		Release|x64 = Release|x64
		Release|x86 = Release|x86
	EndGlobalSection
	GlobalSection(SolutionProperties) = preSolution
		HideSolutionNode = FALSE
	EndGlobalSection
	GlobalSection(ProjectConfigurationPlatforms) = postSolution
		{F008CC0B-8775-4168-85C4-B93831FD1463}.Debug|Any CPU.ActiveCfg = Debug|Any CPU
		{F008CC0B-8775-4168-85C4-B93831FD1463}.Debug|Any CPU.Build.0 = Debug|Any CPU
		{F008CC0B-8775-4168-85C4-B93831FD1463}.Debug|x64.ActiveCfg = Debug|Any CPU
		{F008CC0B-8775-4168-85C4-B93831FD1463}.Debug|x64.Build.0 = Debug|Any CPU
		{F008CC0B-8775-4168-85C4-B93831FD1463}.Debug|x86.ActiveCfg = Debug|Any CPU
		{F008CC0B-8775-4168-85C4-B93831FD1463}.Debug|x86.Build.0 = Debug|Any CPU
		{F008CC0B-8775-4168-85C4-B93831FD1463}.Release|Any CPU.ActiveCfg = Release|Any CPU
		{F008CC0B-8775-4168-85C4-B93831FD1463}.Release|Any CPU.Build.0 = Release|Any CPU
		{F008CC0B-8775-4168-85C4-B93831FD1463}.Release|x64.ActiveCfg = Release|Any CPU
		{F008CC0B-8775-4168-85C4-B93831FD1463}.Release|x64.Build.0 = Release|Any CPU
		{F008CC0B-8775-4168-85C4-B93831FD1463}.Release|x86.ActiveCfg = Release|Any CPU
		{F008CC0B-8775-4168-85C4-B93831FD1463}.Release|x86.Build.0 = Release|Any CPU
		{5851E7DE-0378-42DD-8A5A-E52068163A3E}.Debug|Any CPU.ActiveCfg = Debug|Any CPU
		{5851E7DE-0378-42DD-8A5A-E52068163A3E}.Debug|Any CPU.Build.0 = Debug|Any CPU
		{5851E7DE-0378-42DD-8A5A-E52068163A3E}.Debug|x64.ActiveCfg = Debug|Any CPU
		{5851E7DE-0378-42DD-8A5A-E52068163A3E}.Debug|x64.Build.0 = Debug|Any CPU
		{5851E7DE-0378-42DD-8A5A-E52068163A3E}.Debug|x86.ActiveCfg = Debug|Any CPU
		{5851E7DE-0378-42DD-8A5A-E52068163A3E}.Debug|x86.Build.0 = Debug|Any CPU
		{5851E7DE-0378-42DD-8A5A-E52068163A3E}.Release|Any CPU.ActiveCfg = Release|Any CPU
		{5851E7DE-0378-42DD-8A5A-E52068163A3E}.Release|Any CPU.Build.0 = Release|Any CPU
		{5851E7DE-0378-42DD-8A5A-E52068163A3E}.Release|x64.ActiveCfg = Release|Any CPU
		{5851E7DE-0378-42DD-8A5A-E52068163A3E}.Release|x64.Build.0 = Release|Any CPU
		{5851E7DE-0378-42DD-8A5A-E52068163A3E}.Release|x86.ActiveCfg = Release|Any CPU
		{5851E7DE-0378-42DD-8A5A-E52068163A3E}.Release|x86.Build.0 = Release|Any CPU
	EndGlobalSection
	GlobalSection(NestedProjects) = preSolution
		{F008CC0B-8775-4168-85C4-B93831FD1463} = {EBB5F837-2BC4-4969-82FD-BD8B78A69850}
		{5851E7DE-0378-42DD-8A5A-E52068163A3E} = {9770AF19-2832-4408-8218-4F24C089B193}
	EndGlobalSection
EndGlobal
